{
    "_meta": {
        "hash": {
            "sha256": "fb1bcbbd0ec7c1d30649bb032c12b124920bf15a02e5e33fbf4df0d9bff3ddcd"
        },
        "pipfile-spec": 6,
        "requires": {
            "python_version": "3.6"
        },
        "sources": [
            {
                "name": "pypi",
                "url": "https://pypi.python.org/simple",
                "verify_ssl": true
            }
        ]
    },
    "default": {
        "django": {
            "hashes": [
                "sha256:d4ef83bd326573c00972cb9429beb396d210341a636e4b816fc9b3f505c498bb",
                "sha256:ffdc7e938391ae3c2ee8ff82e0b4444e4e6bb15c99d00770285233d42aaf33d6"
            ],
            "index": "pypi",
            "version": "==1.10.8"
        },
        "django-braces": {
            "hashes": [
                "sha256:88aa2eac0377bde8540b15c77f410785ee8d4f6b4913bf53464678327cd43d48",
                "sha256:e7e878528b06441464fe0f27b4771cec66f9496e0297042540b2822330e46c1e"
            ],
            "index": "pypi",
            "version": "==1.8.1"
        },
        "django-cors-headers": {
            "hashes": [
                "sha256:fcd96e2be47c8eef34c650e007a6d546e19e7ee61041b89edbbbbe7619aa3987"
            ],
            "index": "pypi",
            "version": "==1.1.0"
        },
        "django-markup": {
            "hashes": [
                "sha256:da6b66e4b1c5e8f56ccecb2818bafbb7fa1037ce9817cec252fd3df5913bfe95"
            ],
            "index": "pypi",
            "version": "==1.0"
        },
        "django-oauth-toolkit": {
            "hashes": [
                "sha256:22dcf08674a0b7d7fa7e8abd97d9df9884c1222de3f148473d60d2d7e2ed399a"
            ],
            "index": "pypi",
            "version": "==0.10.0"
        },
        "easy-thumbnails": {
            "hashes": [
                "sha256:5ae57f086026dbfe4aa59e9bc80bcae1ae6daca63dec02a2d510c3ab098f0de2",
                "sha256:d6113cf1e1ece85216ab8cd62c352da21853c9ef31341161d904801d347d7aee"
            ],
            "index": "pypi",
            "version": "==2.3"
        },
        "oauthlib": {
            "hashes": [
                "sha256:ef4bfe4663ca3b97a995860c0173b967ebd98033d02f38c9e1b2cbb6c191d9ad"
            ],
            "index": "pypi",
            "version": "==1.0.3"
        },
        "pillow": {
            "hashes": [
                "sha256:b2b7f3e936c062db02c0b01df0560ddbd7d09b24ef5187c71d9de3028f686427",
                "sha256:d50c3414a9ef00bf20df6c7d1bb6522849907cb1aac5121b4ddd2a4ada9fc990"
            ],
            "index": "pypi",
            "version": "==3.3.2"
        },
        "psycopg2-binary": {
            "hashes": [
                "sha256:02eb674e3d5810e19b4d5d00720b17130e182da1ba259dda608aaf33d787347d",
                "sha256:3a14baeabcebd4662f12f4bff03e0574a2369a2e41baf829e6fb4a24c95cf88b",
                "sha256:436a503eda41f6adb08f292f40a3784fce0a5f351b6ae7b19a911904db53af93",
                "sha256:465ff1d427ed42c31e456dbbd9edab3552be18a0edaef7450c5b3e6fee745052",
                "sha256:4a1a5ea2fa4b53191637b162873a82822d92a85a08beefe28296b8eb5cf2fea5",
                "sha256:4a4f23a08fbccbe40ecdb5384d807bcb469ea71dd87e6be2e80b036b8e6d47df",
                "sha256:77a2fc622a1f2d08a707673c9be5769d521f03d867d305f172bb417fa7882754",
                "sha256:8014c06a9ed7b78ba81beff3ae71acd78c212390f8ed839e9ce22735880bd5b4",
                "sha256:83af04029bcb4b56c852e5876fef71340dcb465fa44fc99f80bac72e10fb0b74",
                "sha256:86c0d2587f56776f25d52cca8e275adf495c8e01933fbfc2ca23b124610ab761",
                "sha256:9305d7cbc802aaefac5c75a3df725f2654797369f32b18d4d0adb382dfab6c09",
                "sha256:9b5ddbed85ec73293695d7116589d956ef0dd3fcf7bf3b2a3bc1e8e54c1d543a",
                "sha256:a3d2cc0cb0b988dbfd0d11f7fac34058b25a6ce533ed5b8e88d6cb315e77d54a",
                "sha256:ab1db8f3e96570d9f7ebc45133ce2574804b2280499baade178e163d022107b5",
                "sha256:b039f51bca1ddd70234cc3f84f94f42ad43861b931bdfb497f887c60c39a6565",
                "sha256:b287ddf4cafcfb632974907d1e7862119e36bb758228bdb07dd247553e4cdfc0",
                "sha256:b6b2b26590304d97ef2af28d153ee99ace6fe0806934f4618edfc87216c77f91",
                "sha256:c4c6004d410c77bfa5389ae9485498ce32805447a67afbfe8db0d247a5c88fa1",
                "sha256:c606bff0978ee4858d86d40f6b6ab0c4cac4474f627bd054683dc03a4fc1a366",
                "sha256:c8220c521a408b41c4f14036004a621ed0d965941286b978cd2ea2623fabd755",
                "sha256:cb07184a4bfad304831f0a88b1c13fbd8cf9fcdf1f11e71c477dd6d7b1b078a0",
                "sha256:cf3911fba0c47fc1313b5783183cda301032b14637a0b7a336766ae46998c7ee",
                "sha256:d0972f062c73956332e9681dfdb133168618f0abfecc96e89f0205ac89cd454b",
                "sha256:d1dd3eb8edd354083f5d27b968c5a17854c41347ba5a480b520be85ec1a8495c",
                "sha256:d51c7ed810fce1e50464088c37cc8da05534de8afb12a732500827ebcc480081",
                "sha256:d8940b5104588d6313315e037f0f5ed68d2e5f62ccc1c429d3cff11d2ba6de3f",
                "sha256:de4f88f823037a71ea5ef3c1041d96b8a68d73343133edda684fd42f575bd9d7"
            ],
            "index": "pypi",
            "version": "==2.7.4"
        },
        "requests": {
            "hashes": [
                "sha256:113fbba5531a9e34945b7d36b33a084e8ba5d0664b703c81a7c572d91919a5b8",
                "sha256:c577815dd00f1394203fc44eb979724b098f88264a9ef898ee45b8e5e9cf587f"
            ],
            "index": "pypi",
            "version": "==2.9.1"
        },
        "six": {
            "hashes": [
                "sha256:0ff78c403d9bccf5a425a6d31a12aa6b47f1c21ca4dc2573a7e2f32a97335eb1",
                "sha256:105f8d68616f8248e24bf0e9372ef04d3cc10104f1980f54d57b2ce73a5ad56a"
            ],
            "index": "pypi",
            "version": "==1.10.0"
        },
        "textile": {
            "hashes": [
                "sha256:30b42d2f0ef5af8e8d7c2a319cab400653830e62f6c18a98d9cc27f9d2b73c7b",
                "sha256:dba4f1cb5772b99dbe4d521807a3255ddbbfa971da8b054afa08f0b428bced28"
            ],
            "index": "pypi",
            "version": "==2.2.2"
        }
    },
    "develop": {}
}
